// !$*UTF8*$!
{
	archiveVersion = 1;
	classes = {
	};
	objectVersion = 46;
	objects = {

/* Begin PBXBuildFile section */
		4146BCD105F6554C00AB7993 /* EyeTVPluginDefs.h in Headers */ = {isa = PBXBuildFile; fileRef = 4146BCD005F6554C00AB7993 /* EyeTVPluginDefs.h */; };
		4CF16BB005D7ED3E00736E9B /* EyeTVEPGParser.m in Sources */ = {isa = PBXBuildFile; fileRef = 4CF16BAE05D7ED3D00736E9B /* EyeTVEPGParser.m */; };
		8D5B49A804867FD3000E48DA /* InfoPlist.strings in Resources */ = {isa = PBXBuildFile; fileRef = 8D5B49A704867FD3000E48DA /* InfoPlist.strings */; };
		945FF73B132746BE008B1F58 /* TTMPEGExporter.h in Headers */ = {isa = PBXBuildFile; fileRef = 945FF739132746BE008B1F58 /* TTMPEGExporter.h */; };
		945FF73C132746BE008B1F58 /* TTMPEGExporter.m in Sources */ = {isa = PBXBuildFile; fileRef = 945FF73A132746BE008B1F58 /* TTMPEGExporter.m */; };
		945FF73E132746E5008B1F58 /* SynthesizeSingleton.h in Headers */ = {isa = PBXBuildFile; fileRef = 945FF73D132746E5008B1F58 /* SynthesizeSingleton.h */; };
		945FF777132747E4008B1F58 /* Cocoa.framework in Frameworks */ = {isa = PBXBuildFile; fileRef = 945FF776132747E4008B1F58 /* Cocoa.framework */; };
		94B0057D132CCB03001E4FB2 /* stream.c in Sources */ = {isa = PBXBuildFile; fileRef = 94B0057C132CCB03001E4FB2 /* stream.c */; };
/* End PBXBuildFile section */

/* Begin PBXFileReference section */
		089C167EFE841241C02AAC07 /* English */ = {isa = PBXFileReference; fileEncoding = 10; lastKnownFileType = text.plist.strings; name = English; path = English.lproj/InfoPlist.strings; sourceTree = "<group>"; };
		4146BCD005F6554C00AB7993 /* EyeTVPluginDefs.h */ = {isa = PBXFileReference; fileEncoding = 30; lastKnownFileType = sourcecode.c.h; path = EyeTVPluginDefs.h; sourceTree = "<group>"; };
		4CF16BAE05D7ED3D00736E9B /* EyeTVEPGParser.m */ = {isa = PBXFileReference; explicitFileType = sourcecode.cpp.objcpp; fileEncoding = 30; path = EyeTVEPGParser.m; sourceTree = "<group>"; };
		8D576316048677EA00EA77CD /* EyeTVPluginSampleX.bundle */ = {isa = PBXFileReference; explicitFileType = wrapper.cfbundle; includeInIndex = 0; path = EyeTVPluginSampleX.bundle; sourceTree = BUILT_PRODUCTS_DIR; };
		8D576317048677EA00EA77CD /* Info.plist */ = {isa = PBXFileReference; fileEncoding = 4; lastKnownFileType = text.plist; path = Info.plist; sourceTree = "<group>"; };
		945FF739132746BE008B1F58 /* TTMPEGExporter.h */ = {isa = PBXFileReference; fileEncoding = 4; lastKnownFileType = sourcecode.c.h; path = TTMPEGExporter.h; sourceTree = "<group>"; };
		945FF73A132746BE008B1F58 /* TTMPEGExporter.m */ = {isa = PBXFileReference; fileEncoding = 4; lastKnownFileType = sourcecode.c.objc; path = TTMPEGExporter.m; sourceTree = "<group>"; };
		945FF73D132746E5008B1F58 /* SynthesizeSingleton.h */ = {isa = PBXFileReference; fileEncoding = 4; lastKnownFileType = sourcecode.c.h; path = SynthesizeSingleton.h; sourceTree = "<group>"; };
		945FF776132747E4008B1F58 /* Cocoa.framework */ = {isa = PBXFileReference; lastKnownFileType = wrapper.framework; name = Cocoa.framework; path = /System/Library/Frameworks/Cocoa.framework; sourceTree = "<absolute>"; };
		94B0057C132CCB03001E4FB2 /* stream.c */ = {isa = PBXFileReference; fileEncoding = 4; lastKnownFileType = sourcecode.c.c; path = stream.c; sourceTree = "<group>"; };
/* End PBXFileReference section */

/* Begin PBXFrameworksBuildPhase section */
		8D576313048677EA00EA77CD /* Frameworks */ = {
			isa = PBXFrameworksBuildPhase;
			buildActionMask = 2147483647;
			files = (
				945FF777132747E4008B1F58 /* Cocoa.framework in Frameworks */,
			);
			runOnlyForDeploymentPostprocessing = 0;
		};
/* End PBXFrameworksBuildPhase section */

/* Begin PBXGroup section */
		089C166AFE841209C02AAC07 /* EyeTVPluginSampleX */ = {
			isa = PBXGroup;
			children = (
				08FB77AFFE84173DC02AAC07 /* Source */,
				089C167CFE841241C02AAC07 /* Resources */,
				089C1671FE841209C02AAC07 /* External Frameworks and Libraries */,
				19C28FB6FE9D52B211CA2CBB /* Products */,
			);
			name = EyeTVPluginSampleX;
			sourceTree = "<group>";
		};
		089C1671FE841209C02AAC07 /* External Frameworks and Libraries */ = {
			isa = PBXGroup;
			children = (
				945FF776132747E4008B1F58 /* Cocoa.framework */,
			);
			name = "External Frameworks and Libraries";
			sourceTree = "<group>";
		};
		089C167CFE841241C02AAC07 /* Resources */ = {
			isa = PBXGroup;
			children = (
				8D576317048677EA00EA77CD /* Info.plist */,
				8D5B49A704867FD3000E48DA /* InfoPlist.strings */,
			);
			name = Resources;
			sourceTree = "<group>";
		};
		08FB77AFFE84173DC02AAC07 /* Source */ = {
			isa = PBXGroup;
			children = (
				94B0057C132CCB03001E4FB2 /* stream.c */,
				4146BCD005F6554C00AB7993 /* EyeTVPluginDefs.h */,
				4CF16BAE05D7ED3D00736E9B /* EyeTVEPGParser.m */,
				945FF739132746BE008B1F58 /* TTMPEGExporter.h */,
				945FF73A132746BE008B1F58 /* TTMPEGExporter.m */,
				945FF73D132746E5008B1F58 /* SynthesizeSingleton.h */,
			);
			name = Source;
			sourceTree = "<group>";
		};
		19C28FB6FE9D52B211CA2CBB /* Products */ = {
			isa = PBXGroup;
			children = (
				8D576316048677EA00EA77CD /* EyeTVPluginSampleX.bundle */,
			);
			name = Products;
			sourceTree = "<group>";
		};
/* End PBXGroup section */

/* Begin PBXHeadersBuildPhase section */
		8D57630E048677EA00EA77CD /* Headers */ = {
			isa = PBXHeadersBuildPhase;
			buildActionMask = 2147483647;
			files = (
				4146BCD105F6554C00AB7993 /* EyeTVPluginDefs.h in Headers */,
				945FF73B132746BE008B1F58 /* TTMPEGExporter.h in Headers */,
				945FF73E132746E5008B1F58 /* SynthesizeSingleton.h in Headers */,
			);
			runOnlyForDeploymentPostprocessing = 0;
		};
/* End PBXHeadersBuildPhase section */

/* Begin PBXNativeTarget section */
		8D57630D048677EA00EA77CD /* EyeTVEPGParser */ = {
			isa = PBXNativeTarget;
			buildConfigurationList = 940237E70E1CDAF700619E65 /* Build configuration list for PBXNativeTarget "EyeTVEPGParser" */;
			buildPhases = (
				8D57630E048677EA00EA77CD /* Headers */,
				8D57630F048677EA00EA77CD /* Resources */,
				8D576311048677EA00EA77CD /* Sources */,
				8D576313048677EA00EA77CD /* Frameworks */,
				8D576315048677EA00EA77CD /* Rez */,
			);
			buildRules = (
			);
			dependencies = (
			);
			name = EyeTVEPGParser;
			productInstallPath = "$(HOME)/Library/Bundles";
			productName = EyeTVPluginSampleX;
			productReference = 8D576316048677EA00EA77CD /* EyeTVPluginSampleX.bundle */;
			productType = "com.apple.product-type.bundle";
		};
/* End PBXNativeTarget section */

/* Begin PBXProject section */
		089C1669FE841209C02AAC07 /* Project object */ = {
			isa = PBXProject;
			buildConfigurationList = 940237E60E1CDAF700619E65 /* Build configuration list for PBXProject "EyeTVEPGParser" */;
			compatibilityVersion = "Xcode 3.2";
			developmentRegion = English;
			hasScannedForEncodings = 1;
			knownRegions = (
				English,
				Japanese,
				French,
				German,
			);
			mainGroup = 089C166AFE841209C02AAC07 /* EyeTVPluginSampleX */;
			projectDirPath = "";
			projectRoot = "";
			targets = (
				8D57630D048677EA00EA77CD /* EyeTVEPGParser */,
			);
		};
/* End PBXProject section */

/* Begin PBXResourcesBuildPhase section */
		8D57630F048677EA00EA77CD /* Resources */ = {
			isa = PBXResourcesBuildPhase;
			buildActionMask = 2147483647;
			files = (
				8D5B49A804867FD3000E48DA /* InfoPlist.strings in Resources */,
			);
			runOnlyForDeploymentPostprocessing = 0;
		};
/* End PBXResourcesBuildPhase section */

/* Begin PBXRezBuildPhase section */
		8D576315048677EA00EA77CD /* Rez */ = {
			isa = PBXRezBuildPhase;
			buildActionMask = 2147483647;
			files = (
			);
			runOnlyForDeploymentPostprocessing = 0;
		};
/* End PBXRezBuildPhase section */

/* Begin PBXSourcesBuildPhase section */
		8D576311048677EA00EA77CD /* Sources */ = {
			isa = PBXSourcesBuildPhase;
			buildActionMask = 2147483647;
			files = (
				4CF16BB005D7ED3E00736E9B /* EyeTVEPGParser.m in Sources */,
				945FF73C132746BE008B1F58 /* TTMPEGExporter.m in Sources */,
				94B0057D132CCB03001E4FB2 /* stream.c in Sources */,
			);
			runOnlyForDeploymentPostprocessing = 0;
		};
/* End PBXSourcesBuildPhase section */

/* Begin PBXVariantGroup section */
		8D5B49A704867FD3000E48DA /* InfoPlist.strings */ = {
			isa = PBXVariantGroup;
			children = (
				089C167EFE841241C02AAC07 /* English */,
			);
			name = InfoPlist.strings;
			sourceTree = "<group>";
		};
/* End PBXVariantGroup section */

/* Begin XCBuildConfiguration section */
		940237E00E1CDAF600619E65 /* Development */ = {
			isa = XCBuildConfiguration;
			buildSettings = {
				ARCHS = "$(NATIVE_ARCH_ACTUAL)";
				HEADER_SEARCH_PATHS = "";
				USER_HEADER_SEARCH_PATHS = "";
			};
			name = Development;
		};
		940237E10E1CDAF600619E65 /* Deployment */ = {
			isa = XCBuildConfiguration;
			buildSettings = {
				ARCHS = "$(ARCHS_STANDARD_32_64_BIT)";
			};
			name = Deployment;
		};
		940237E20E1CDAF600619E65 /* Default */ = {
			isa = XCBuildConfiguration;
			buildSettings = {
				ARCHS = "$(NATIVE_ARCH_ACTUAL)";
			};
			name = Default;
		};
		940237E30E1CDAF600619E65 /* Development */ = {
			isa = XCBuildConfiguration;
			buildSettings = {
				COPY_PHASE_STRIP = NO;
				DEBUGGING_SYMBOLS = YES;
				GCC_DYNAMIC_NO_PIC = NO;
				GCC_ENABLE_FIX_AND_CONTINUE = YES;
				GCC_GENERATE_DEBUGGING_SYMBOLS = YES;
				GCC_OPTIMIZATION_LEVEL = 0;
				GCC_PRECOMPILE_PREFIX_HEADER = YES;
				GCC_WARN_FOUR_CHARACTER_CONSTANTS = NO;
				GCC_WARN_UNKNOWN_PRAGMAS = NO;
				INFOPLIST_FILE = Info.plist;
				INSTALL_PATH = "$(HOME)/Library/Bundles";
				LIBRARY_STYLE = Bundle;
				OTHER_CFLAGS = "";
				OTHER_LDFLAGS = "";
				OTHER_REZFLAGS = "";
				PRODUCT_NAME = PlexTVServer;
				SECTORDER_FLAGS = "";
				WARNING_CFLAGS = (
					"-Wmost",
					"-Wno-four-char-constants",
					"-Wno-unknown-pragmas",
				);
				WRAPPER_EXTENSION = bundle;
				ZERO_LINK = YES;
			};
			name = Development;
		};
		940237E40E1CDAF600619E65 /* Deployment */ = {
			isa = XCBuildConfiguration;
			buildSettings = {
				COPY_PHASE_STRIP = YES;
				GCC_ENABLE_FIX_AND_CONTINUE = NO;
				GCC_GENERATE_DEBUGGING_SYMBOLS = NO;
				GCC_PRECOMPILE_PREFIX_HEADER = YES;
				GCC_WARN_FOUR_CHARACTER_CONSTANTS = NO;
				GCC_WARN_UNKNOWN_PRAGMAS = NO;
				INFOPLIST_FILE = Info.plist;
				INSTALL_PATH = "$(HOME)/Library/Bundles";
				LIBRARY_STYLE = Bundle;
				OTHER_CFLAGS = "";
				OTHER_LDFLAGS = "";
				OTHER_REZFLAGS = "";
				PRODUCT_NAME = EyeTVPluginSampleX;
				SECTORDER_FLAGS = "";
				WARNING_CFLAGS = (
					"-Wmost",
					"-Wno-four-char-constants",
					"-Wno-unknown-pragmas",
				);
				WRAPPER_EXTENSION = bundle;
				ZERO_LINK = NO;
			};
			name = Deployment;
		};
		940237E50E1CDAF600619E65 /* Default */ = {
			isa = XCBuildConfiguration;
			buildSettings = {
				GCC_GENERATE_DEBUGGING_SYMBOLS = NO;
				GCC_PRECOMPILE_PREFIX_HEADER = YES;
				GCC_WARN_FOUR_CHARACTER_CONSTANTS = NO;
				GCC_WARN_UNKNOWN_PRAGMAS = NO;
				INFOPLIST_FILE = Info.plist;
				INSTALL_PATH = "$(HOME)/Library/Bundles";
				LIBRARY_STYLE = Bundle;
				OTHER_CFLAGS = "";
				OTHER_LDFLAGS = "";
				OTHER_REZFLAGS = "";
				PRODUCT_NAME = EyeTVPluginSampleX;
				SECTORDER_FLAGS = "";
				WARNING_CFLAGS = (
					"-Wmost",
					"-Wno-four-char-constants",
					"-Wno-unknown-pragmas",
				);
				WRAPPER_EXTENSION = bundle;
			};
			name = Default;
		};
/* End XCBuildConfiguration section */

/* Begin XCConfigurationList section */
		940237E60E1CDAF700619E65 /* Build configuration list for PBXProject "EyeTVEPGParser" */ = {
			isa = XCConfigurationList;
			buildConfigurations = (
				940237E00E1CDAF600619E65 /* Development */,
				940237E10E1CDAF600619E65 /* Deployment */,
				940237E20E1CDAF600619E65 /* Default */,
			);
			defaultConfigurationIsVisible = 0;
			defaultConfigurationName = Default;
		};
		940237E70E1CDAF700619E65 /* Build configuration list for PBXNativeTarget "EyeTVEPGParser" */ = {
			isa = XCConfigurationList;
			buildConfigurations = (
				940237E30E1CDAF600619E65 /* Development */,
				940237E40E1CDAF600619E65 /* Deployment */,
				940237E50E1CDAF600619E65 /* Default */,
			);
			defaultConfigurationIsVisible = 0;
			defaultConfigurationName = Default;
		};
/* End XCConfigurationList section */
	};
	rootObject = 089C1669FE841209C02AAC07 /* Project object */;
}
