// !$*UTF8*$!
{
	archiveVersion = 1;
	classes = {
	};
	objectVersion = 46;
	objects = {

/* Begin PBXBuildFile section */
		4146BCD105F6554C00AB7993 /* EyeTVPluginDefs.h in Headers */ = {isa = PBXBuildFile; fileRef = 4146BCD005F6554C00AB7993 /* EyeTVPluginDefs.h */; };
		4CF16BB005D7ED3E00736E9B /* EyeTVEPGParser.m in Sources */ = {isa = PBXBuildFile; fileRef = 4CF16BAE05D7ED3D00736E9B /* EyeTVEPGParser.m */; };
		8D5B49A804867FD3000E48DA /* InfoPlist.strings in Resources */ = {isa = PBXBuildFile; fileRef = 8D5B49A704867FD3000E48DA /* InfoPlist.strings */; };
		9424FE00132EE2DF0062941E /* Countries.cfg in CopyFiles */ = {isa = PBXBuildFile; fileRef = 9424FDE7132EE2DF0062941E /* Countries.cfg */; };
		9424FE01132EE2DF0062941E /* Huffman Dictionary ATSC PSIP T1.cfg in CopyFiles */ = {isa = PBXBuildFile; fileRef = 9424FDE8132EE2DF0062941E /* Huffman Dictionary ATSC PSIP T1.cfg */; };
		9424FE02132EE2DF0062941E /* Huffman Dictionary ATSC PSIP T2.cfg in CopyFiles */ = {isa = PBXBuildFile; fileRef = 9424FDE9132EE2DF0062941E /* Huffman Dictionary ATSC PSIP T2.cfg */; };
		9424FE03132EE2DF0062941E /* Huffman Dictionary AUS.cfg in CopyFiles */ = {isa = PBXBuildFile; fileRef = 9424FDEA132EE2DF0062941E /* Huffman Dictionary AUS.cfg */; };
		9424FE04132EE2DF0062941E /* Huffman Dictionary Freesat T1.cfg in CopyFiles */ = {isa = PBXBuildFile; fileRef = 9424FDEB132EE2DF0062941E /* Huffman Dictionary Freesat T1.cfg */; };
		9424FE05132EE2DF0062941E /* Huffman Dictionary Freesat T2.cfg in CopyFiles */ = {isa = PBXBuildFile; fileRef = 9424FDEC132EE2DF0062941E /* Huffman Dictionary Freesat T2.cfg */; };
		9424FE06132EE2DF0062941E /* Huffman Dictionary GBR.cfg in CopyFiles */ = {isa = PBXBuildFile; fileRef = 9424FDED132EE2DF0062941E /* Huffman Dictionary GBR.cfg */; };
		9424FE07132EE2DF0062941E /* Huffman Dictionary ITA.cfg in CopyFiles */ = {isa = PBXBuildFile; fileRef = 9424FDEE132EE2DF0062941E /* Huffman Dictionary ITA.cfg */; };
		9424FE08132EE2DF0062941E /* Huffman Dictionary NZL.cfg in CopyFiles */ = {isa = PBXBuildFile; fileRef = 9424FDEF132EE2DF0062941E /* Huffman Dictionary NZL.cfg */; };
		9424FE09132EE2DF0062941E /* Language Codes.cfg in CopyFiles */ = {isa = PBXBuildFile; fileRef = 9424FDF0132EE2DF0062941E /* Language Codes.cfg */; };
		9424FE0A132EE2DF0062941E /* MHEG5 Parser Format AUS.cfg in CopyFiles */ = {isa = PBXBuildFile; fileRef = 9424FDF1132EE2DF0062941E /* MHEG5 Parser Format AUS.cfg */; };
		9424FE0B132EE2DF0062941E /* MHEG5 Parser Format NZL.cfg in CopyFiles */ = {isa = PBXBuildFile; fileRef = 9424FDF2132EE2DF0062941E /* MHEG5 Parser Format NZL.cfg */; };
		9424FE0C132EE2DF0062941E /* EIT Categories.cfg in CopyFiles */ = {isa = PBXBuildFile; fileRef = 9424FDF4132EE2DF0062941E /* EIT Categories.cfg */; };
		9424FE0D132EE2DF0062941E /* OpenTV Categories AUS.cfg in CopyFiles */ = {isa = PBXBuildFile; fileRef = 9424FDF5132EE2DF0062941E /* OpenTV Categories AUS.cfg */; };
		9424FE0E132EE2DF0062941E /* OpenTV Categories GBR.cfg in CopyFiles */ = {isa = PBXBuildFile; fileRef = 9424FDF6132EE2DF0062941E /* OpenTV Categories GBR.cfg */; };
		9424FE0F132EE2DF0062941E /* OpenTV Categories ITA.cfg in CopyFiles */ = {isa = PBXBuildFile; fileRef = 9424FDF7132EE2DF0062941E /* OpenTV Categories ITA.cfg */; };
		9424FE10132EE2DF0062941E /* OpenTV Categories NZL.cfg in CopyFiles */ = {isa = PBXBuildFile; fileRef = 9424FDF8132EE2DF0062941E /* OpenTV Categories NZL.cfg */; };
		9424FE11132EE2DF0062941E /* DirectShow.dll in CopyFiles */ = {isa = PBXBuildFile; fileRef = 9424FDF9132EE2DF0062941E /* DirectShow.dll */; };
		9424FE12132EE2DF0062941E /* DirectShowLib-2005.dll in CopyFiles */ = {isa = PBXBuildFile; fileRef = 9424FDFA132EE2DF0062941E /* DirectShowLib-2005.dll */; };
		9424FE13132EE2DF0062941E /* DomainObjects.dll in CopyFiles */ = {isa = PBXBuildFile; fileRef = 9424FDFB132EE2DF0062941E /* DomainObjects.dll */; };
		9424FE14132EE2DF0062941E /* DVBServices.dll in CopyFiles */ = {isa = PBXBuildFile; fileRef = 9424FDFC132EE2DF0062941E /* DVBServices.dll */; };
		9424FE15132EE2DF0062941E /* EPGCollector.exe in CopyFiles */ = {isa = PBXBuildFile; fileRef = 9424FDFD132EE2DF0062941E /* EPGCollector.exe */; };
		9424FE16132EE2DF0062941E /* MHEG5 Test.ini in CopyFiles */ = {isa = PBXBuildFile; fileRef = 9424FDFE132EE2DF0062941E /* MHEG5 Test.ini */; };
		9424FE17132EE2DF0062941E /* zlib.net.dll in CopyFiles */ = {isa = PBXBuildFile; fileRef = 9424FDFF132EE2DF0062941E /* zlib.net.dll */; };
		945FF73B132746BE008B1F58 /* TTMPEGExporter.h in Headers */ = {isa = PBXBuildFile; fileRef = 945FF739132746BE008B1F58 /* TTMPEGExporter.h */; };
		945FF73C132746BE008B1F58 /* TTMPEGExporter.m in Sources */ = {isa = PBXBuildFile; fileRef = 945FF73A132746BE008B1F58 /* TTMPEGExporter.m */; };
		945FF73E132746E5008B1F58 /* SynthesizeSingleton.h in Headers */ = {isa = PBXBuildFile; fileRef = 945FF73D132746E5008B1F58 /* SynthesizeSingleton.h */; };
		945FF777132747E4008B1F58 /* Cocoa.framework in Frameworks */ = {isa = PBXBuildFile; fileRef = 945FF776132747E4008B1F58 /* Cocoa.framework */; };
		94B0072F132D6944001E4FB2 /* streamtest.m in Sources */ = {isa = PBXBuildFile; fileRef = 94B0072E132D6944001E4FB2 /* streamtest.m */; };
		94B00735132D6969001E4FB2 /* Foundation.framework in Frameworks */ = {isa = PBXBuildFile; fileRef = 94B00734132D6969001E4FB2 /* Foundation.framework */; };
		94B00749132D699D001E4FB2 /* TTTransportStreamParser.m in Sources */ = {isa = PBXBuildFile; fileRef = 94B00747132D699D001E4FB2 /* TTTransportStreamParser.m */; };
		94B0080E132D6FEE001E4FB2 /* TTTransportStreamParser.m in Sources */ = {isa = PBXBuildFile; fileRef = 94B00747132D699D001E4FB2 /* TTTransportStreamParser.m */; };
/* End PBXBuildFile section */

/* Begin PBXCopyFilesBuildPhase section */
		9424FDE4132EE2CF0062941E /* CopyFiles */ = {
			isa = PBXCopyFilesBuildPhase;
			buildActionMask = 2147483647;
			dstPath = EPGCollector;
			dstSubfolderSpec = 7;
			files = (
				9424FE11132EE2DF0062941E /* DirectShow.dll in CopyFiles */,
				9424FE12132EE2DF0062941E /* DirectShowLib-2005.dll in CopyFiles */,
				9424FE13132EE2DF0062941E /* DomainObjects.dll in CopyFiles */,
				9424FE14132EE2DF0062941E /* DVBServices.dll in CopyFiles */,
				9424FE15132EE2DF0062941E /* EPGCollector.exe in CopyFiles */,
				9424FE16132EE2DF0062941E /* MHEG5 Test.ini in CopyFiles */,
				9424FE17132EE2DF0062941E /* zlib.net.dll in CopyFiles */,
			);
			runOnlyForDeploymentPostprocessing = 0;
		};
		9424FE42132EE3FF0062941E /* CopyFiles */ = {
			isa = PBXCopyFilesBuildPhase;
			buildActionMask = 2147483647;
			dstPath = EPGCollector/Configuration;
			dstSubfolderSpec = 7;
			files = (
				9424FE00132EE2DF0062941E /* Countries.cfg in CopyFiles */,
				9424FE01132EE2DF0062941E /* Huffman Dictionary ATSC PSIP T1.cfg in CopyFiles */,
				9424FE02132EE2DF0062941E /* Huffman Dictionary ATSC PSIP T2.cfg in CopyFiles */,
				9424FE03132EE2DF0062941E /* Huffman Dictionary AUS.cfg in CopyFiles */,
				9424FE04132EE2DF0062941E /* Huffman Dictionary Freesat T1.cfg in CopyFiles */,
				9424FE05132EE2DF0062941E /* Huffman Dictionary Freesat T2.cfg in CopyFiles */,
				9424FE06132EE2DF0062941E /* Huffman Dictionary GBR.cfg in CopyFiles */,
				9424FE07132EE2DF0062941E /* Huffman Dictionary ITA.cfg in CopyFiles */,
				9424FE08132EE2DF0062941E /* Huffman Dictionary NZL.cfg in CopyFiles */,
				9424FE09132EE2DF0062941E /* Language Codes.cfg in CopyFiles */,
				9424FE0A132EE2DF0062941E /* MHEG5 Parser Format AUS.cfg in CopyFiles */,
				9424FE0B132EE2DF0062941E /* MHEG5 Parser Format NZL.cfg in CopyFiles */,
				9424FE0C132EE2DF0062941E /* EIT Categories.cfg in CopyFiles */,
				9424FE0D132EE2DF0062941E /* OpenTV Categories AUS.cfg in CopyFiles */,
				9424FE0E132EE2DF0062941E /* OpenTV Categories GBR.cfg in CopyFiles */,
				9424FE0F132EE2DF0062941E /* OpenTV Categories ITA.cfg in CopyFiles */,
				9424FE10132EE2DF0062941E /* OpenTV Categories NZL.cfg in CopyFiles */,
			);
			runOnlyForDeploymentPostprocessing = 0;
		};
/* End PBXCopyFilesBuildPhase section */

/* Begin PBXFileReference section */
		089C167EFE841241C02AAC07 /* English */ = {isa = PBXFileReference; fileEncoding = 10; lastKnownFileType = text.plist.strings; name = English; path = English.lproj/InfoPlist.strings; sourceTree = "<group>"; };
		4146BCD005F6554C00AB7993 /* EyeTVPluginDefs.h */ = {isa = PBXFileReference; fileEncoding = 30; lastKnownFileType = sourcecode.c.h; path = EyeTVPluginDefs.h; sourceTree = "<group>"; };
		4CF16BAE05D7ED3D00736E9B /* EyeTVEPGParser.m */ = {isa = PBXFileReference; explicitFileType = sourcecode.cpp.objcpp; fileEncoding = 30; path = EyeTVEPGParser.m; sourceTree = "<group>"; };
		8D576316048677EA00EA77CD /* EyeTVEPGParser.bundle */ = {isa = PBXFileReference; explicitFileType = wrapper.cfbundle; includeInIndex = 0; path = EyeTVEPGParser.bundle; sourceTree = BUILT_PRODUCTS_DIR; };
		8D576317048677EA00EA77CD /* Info.plist */ = {isa = PBXFileReference; fileEncoding = 4; lastKnownFileType = text.plist; path = Info.plist; sourceTree = "<group>"; };
		9424FDCB132EE0980062941E /* DirectShowLib-2005.dll */ = {isa = PBXFileReference; lastKnownFileType = file; path = "DirectShowLib-2005.dll"; sourceTree = "<group>"; };
		9424FDE7132EE2DF0062941E /* Countries.cfg */ = {isa = PBXFileReference; fileEncoding = 4; lastKnownFileType = text; path = Countries.cfg; sourceTree = "<group>"; };
		9424FDE8132EE2DF0062941E /* Huffman Dictionary ATSC PSIP T1.cfg */ = {isa = PBXFileReference; fileEncoding = 4; lastKnownFileType = text; path = "Huffman Dictionary ATSC PSIP T1.cfg"; sourceTree = "<group>"; };
		9424FDE9132EE2DF0062941E /* Huffman Dictionary ATSC PSIP T2.cfg */ = {isa = PBXFileReference; fileEncoding = 4; lastKnownFileType = text; path = "Huffman Dictionary ATSC PSIP T2.cfg"; sourceTree = "<group>"; };
		9424FDEA132EE2DF0062941E /* Huffman Dictionary AUS.cfg */ = {isa = PBXFileReference; fileEncoding = 4; lastKnownFileType = text; path = "Huffman Dictionary AUS.cfg"; sourceTree = "<group>"; };
		9424FDEB132EE2DF0062941E /* Huffman Dictionary Freesat T1.cfg */ = {isa = PBXFileReference; fileEncoding = 4; lastKnownFileType = text; path = "Huffman Dictionary Freesat T1.cfg"; sourceTree = "<group>"; };
		9424FDEC132EE2DF0062941E /* Huffman Dictionary Freesat T2.cfg */ = {isa = PBXFileReference; fileEncoding = 4; lastKnownFileType = text; path = "Huffman Dictionary Freesat T2.cfg"; sourceTree = "<group>"; };
		9424FDED132EE2DF0062941E /* Huffman Dictionary GBR.cfg */ = {isa = PBXFileReference; fileEncoding = 4; lastKnownFileType = text; path = "Huffman Dictionary GBR.cfg"; sourceTree = "<group>"; };
		9424FDEE132EE2DF0062941E /* Huffman Dictionary ITA.cfg */ = {isa = PBXFileReference; fileEncoding = 4; lastKnownFileType = text; path = "Huffman Dictionary ITA.cfg"; sourceTree = "<group>"; };
		9424FDEF132EE2DF0062941E /* Huffman Dictionary NZL.cfg */ = {isa = PBXFileReference; fileEncoding = 4; lastKnownFileType = text; path = "Huffman Dictionary NZL.cfg"; sourceTree = "<group>"; };
		9424FDF0132EE2DF0062941E /* Language Codes.cfg */ = {isa = PBXFileReference; fileEncoding = 4; lastKnownFileType = text; path = "Language Codes.cfg"; sourceTree = "<group>"; };
		9424FDF1132EE2DF0062941E /* MHEG5 Parser Format AUS.cfg */ = {isa = PBXFileReference; fileEncoding = 4; lastKnownFileType = text; path = "MHEG5 Parser Format AUS.cfg"; sourceTree = "<group>"; };
		9424FDF2132EE2DF0062941E /* MHEG5 Parser Format NZL.cfg */ = {isa = PBXFileReference; fileEncoding = 4; lastKnownFileType = text; path = "MHEG5 Parser Format NZL.cfg"; sourceTree = "<group>"; };
		9424FDF4132EE2DF0062941E /* EIT Categories.cfg */ = {isa = PBXFileReference; fileEncoding = 4; lastKnownFileType = text; path = "EIT Categories.cfg"; sourceTree = "<group>"; };
		9424FDF5132EE2DF0062941E /* OpenTV Categories AUS.cfg */ = {isa = PBXFileReference; fileEncoding = 4; lastKnownFileType = text; path = "OpenTV Categories AUS.cfg"; sourceTree = "<group>"; };
		9424FDF6132EE2DF0062941E /* OpenTV Categories GBR.cfg */ = {isa = PBXFileReference; fileEncoding = 4; lastKnownFileType = text; path = "OpenTV Categories GBR.cfg"; sourceTree = "<group>"; };
		9424FDF7132EE2DF0062941E /* OpenTV Categories ITA.cfg */ = {isa = PBXFileReference; fileEncoding = 4; lastKnownFileType = text; path = "OpenTV Categories ITA.cfg"; sourceTree = "<group>"; };
		9424FDF8132EE2DF0062941E /* OpenTV Categories NZL.cfg */ = {isa = PBXFileReference; fileEncoding = 4; lastKnownFileType = text; path = "OpenTV Categories NZL.cfg"; sourceTree = "<group>"; };
		9424FDF9132EE2DF0062941E /* DirectShow.dll */ = {isa = PBXFileReference; lastKnownFileType = file; path = DirectShow.dll; sourceTree = "<group>"; };
		9424FDFA132EE2DF0062941E /* DirectShowLib-2005.dll */ = {isa = PBXFileReference; lastKnownFileType = file; path = "DirectShowLib-2005.dll"; sourceTree = "<group>"; };
		9424FDFB132EE2DF0062941E /* DomainObjects.dll */ = {isa = PBXFileReference; lastKnownFileType = file; path = DomainObjects.dll; sourceTree = "<group>"; };
		9424FDFC132EE2DF0062941E /* DVBServices.dll */ = {isa = PBXFileReference; lastKnownFileType = file; path = DVBServices.dll; sourceTree = "<group>"; };
		9424FDFD132EE2DF0062941E /* EPGCollector.exe */ = {isa = PBXFileReference; lastKnownFileType = file; path = EPGCollector.exe; sourceTree = "<group>"; };
		9424FDFE132EE2DF0062941E /* MHEG5 Test.ini */ = {isa = PBXFileReference; fileEncoding = 4; lastKnownFileType = text; path = "MHEG5 Test.ini"; sourceTree = "<group>"; };
		9424FDFF132EE2DF0062941E /* zlib.net.dll */ = {isa = PBXFileReference; lastKnownFileType = file; path = zlib.net.dll; sourceTree = "<group>"; };
		945FF739132746BE008B1F58 /* TTMPEGExporter.h */ = {isa = PBXFileReference; fileEncoding = 4; lastKnownFileType = sourcecode.c.h; path = TTMPEGExporter.h; sourceTree = "<group>"; };
		945FF73A132746BE008B1F58 /* TTMPEGExporter.m */ = {isa = PBXFileReference; fileEncoding = 4; lastKnownFileType = sourcecode.c.objc; path = TTMPEGExporter.m; sourceTree = "<group>"; };
		945FF73D132746E5008B1F58 /* SynthesizeSingleton.h */ = {isa = PBXFileReference; fileEncoding = 4; lastKnownFileType = sourcecode.c.h; path = SynthesizeSingleton.h; sourceTree = "<group>"; };
		945FF776132747E4008B1F58 /* Cocoa.framework */ = {isa = PBXFileReference; lastKnownFileType = wrapper.framework; name = Cocoa.framework; path = /System/Library/Frameworks/Cocoa.framework; sourceTree = "<absolute>"; };
		94B00727132D6926001E4FB2 /* streamtest */ = {isa = PBXFileReference; explicitFileType = "compiled.mach-o.executable"; includeInIndex = 0; path = streamtest; sourceTree = BUILT_PRODUCTS_DIR; };
		94B0072E132D6944001E4FB2 /* streamtest.m */ = {isa = PBXFileReference; fileEncoding = 4; lastKnownFileType = sourcecode.c.objc; path = streamtest.m; sourceTree = "<group>"; };
		94B00734132D6969001E4FB2 /* Foundation.framework */ = {isa = PBXFileReference; lastKnownFileType = wrapper.framework; name = Foundation.framework; path = /System/Library/Frameworks/Foundation.framework; sourceTree = "<absolute>"; };
		94B00747132D699D001E4FB2 /* TTTransportStreamParser.m */ = {isa = PBXFileReference; fileEncoding = 4; lastKnownFileType = sourcecode.c.objc; path = TTTransportStreamParser.m; sourceTree = "<group>"; };
		94B00748132D699D001E4FB2 /* TTTransportStreamParser.h */ = {isa = PBXFileReference; fileEncoding = 4; lastKnownFileType = sourcecode.c.h; path = TTTransportStreamParser.h; sourceTree = "<group>"; };
		94B00878132DAC1E001E4FB2 /* Countries.cfg */ = {isa = PBXFileReference; fileEncoding = 4; lastKnownFileType = text; path = Countries.cfg; sourceTree = "<group>"; };
		94B00879132DAC1E001E4FB2 /* Huffman Dictionary ATSC PSIP T1.cfg */ = {isa = PBXFileReference; fileEncoding = 4; lastKnownFileType = text; path = "Huffman Dictionary ATSC PSIP T1.cfg"; sourceTree = "<group>"; };
		94B0087A132DAC1E001E4FB2 /* Huffman Dictionary ATSC PSIP T2.cfg */ = {isa = PBXFileReference; fileEncoding = 4; lastKnownFileType = text; path = "Huffman Dictionary ATSC PSIP T2.cfg"; sourceTree = "<group>"; };
		94B0087B132DAC1E001E4FB2 /* Huffman Dictionary AUS.cfg */ = {isa = PBXFileReference; fileEncoding = 4; lastKnownFileType = text; path = "Huffman Dictionary AUS.cfg"; sourceTree = "<group>"; };
		94B0087C132DAC1E001E4FB2 /* Huffman Dictionary Freesat T1.cfg */ = {isa = PBXFileReference; fileEncoding = 4; lastKnownFileType = text; path = "Huffman Dictionary Freesat T1.cfg"; sourceTree = "<group>"; };
		94B0087D132DAC1E001E4FB2 /* Huffman Dictionary Freesat T2.cfg */ = {isa = PBXFileReference; fileEncoding = 4; lastKnownFileType = text; path = "Huffman Dictionary Freesat T2.cfg"; sourceTree = "<group>"; };
		94B0087E132DAC1E001E4FB2 /* Huffman Dictionary GBR.cfg */ = {isa = PBXFileReference; fileEncoding = 4; lastKnownFileType = text; path = "Huffman Dictionary GBR.cfg"; sourceTree = "<group>"; };
		94B0087F132DAC1E001E4FB2 /* Huffman Dictionary ITA.cfg */ = {isa = PBXFileReference; fileEncoding = 4; lastKnownFileType = text; path = "Huffman Dictionary ITA.cfg"; sourceTree = "<group>"; };
		94B00880132DAC1E001E4FB2 /* Huffman Dictionary NZL.cfg */ = {isa = PBXFileReference; fileEncoding = 4; lastKnownFileType = text; path = "Huffman Dictionary NZL.cfg"; sourceTree = "<group>"; };
		94B00881132DAC1E001E4FB2 /* Language Codes.cfg */ = {isa = PBXFileReference; fileEncoding = 4; lastKnownFileType = text; path = "Language Codes.cfg"; sourceTree = "<group>"; };
		94B00882132DAC1E001E4FB2 /* MHEG5 Parser Format AUS.cfg */ = {isa = PBXFileReference; fileEncoding = 4; lastKnownFileType = text; path = "MHEG5 Parser Format AUS.cfg"; sourceTree = "<group>"; };
		94B00883132DAC1E001E4FB2 /* MHEG5 Parser Format NZL.cfg */ = {isa = PBXFileReference; fileEncoding = 4; lastKnownFileType = text; path = "MHEG5 Parser Format NZL.cfg"; sourceTree = "<group>"; };
		94B0088F132DAC1E001E4FB2 /* EIT Categories.cfg */ = {isa = PBXFileReference; fileEncoding = 4; lastKnownFileType = text; path = "EIT Categories.cfg"; sourceTree = "<group>"; };
		94B00890132DAC1E001E4FB2 /* OpenTV Categories AUS.cfg */ = {isa = PBXFileReference; fileEncoding = 4; lastKnownFileType = text; path = "OpenTV Categories AUS.cfg"; sourceTree = "<group>"; };
		94B00891132DAC1E001E4FB2 /* OpenTV Categories GBR.cfg */ = {isa = PBXFileReference; fileEncoding = 4; lastKnownFileType = text; path = "OpenTV Categories GBR.cfg"; sourceTree = "<group>"; };
		94B00892132DAC1E001E4FB2 /* OpenTV Categories ITA.cfg */ = {isa = PBXFileReference; fileEncoding = 4; lastKnownFileType = text; path = "OpenTV Categories ITA.cfg"; sourceTree = "<group>"; };
		94B00893132DAC1E001E4FB2 /* OpenTV Categories NZL.cfg */ = {isa = PBXFileReference; fileEncoding = 4; lastKnownFileType = text; path = "OpenTV Categories NZL.cfg"; sourceTree = "<group>"; };
		94B00894132DAC1E001E4FB2 /* DirectShow.dll */ = {isa = PBXFileReference; lastKnownFileType = file; path = DirectShow.dll; sourceTree = "<group>"; };
		94B00896132DAC1E001E4FB2 /* DomainObjects.dll */ = {isa = PBXFileReference; lastKnownFileType = file; path = DomainObjects.dll; sourceTree = "<group>"; };
		94B00897132DAC1E001E4FB2 /* DVBServices.dll */ = {isa = PBXFileReference; lastKnownFileType = file; path = DVBServices.dll; sourceTree = "<group>"; };
		94B00898132DAC1E001E4FB2 /* EPGCollector.exe */ = {isa = PBXFileReference; lastKnownFileType = file; path = EPGCollector.exe; sourceTree = "<group>"; };
		94B0089D132DAC1E001E4FB2 /* zlib.net.dll */ = {isa = PBXFileReference; lastKnownFileType = file; path = zlib.net.dll; sourceTree = "<group>"; };
/* End PBXFileReference section */

/* Begin PBXFrameworksBuildPhase section */
		8D576313048677EA00EA77CD /* Frameworks */ = {
			isa = PBXFrameworksBuildPhase;
			buildActionMask = 2147483647;
			files = (
				945FF777132747E4008B1F58 /* Cocoa.framework in Frameworks */,
			);
			runOnlyForDeploymentPostprocessing = 0;
		};
		94B00725132D6926001E4FB2 /* Frameworks */ = {
			isa = PBXFrameworksBuildPhase;
			buildActionMask = 2147483647;
			files = (
				94B00735132D6969001E4FB2 /* Foundation.framework in Frameworks */,
			);
			runOnlyForDeploymentPostprocessing = 0;
		};
/* End PBXFrameworksBuildPhase section */

/* Begin PBXGroup section */
		089C166AFE841209C02AAC07 /* EyeTVPluginSampleX */ = {
			isa = PBXGroup;
			children = (
				9424FDE5132EE2DF0062941E /* EPGCollector */,
				08FB77AFFE84173DC02AAC07 /* Source */,
				089C167CFE841241C02AAC07 /* Resources */,
				089C1671FE841209C02AAC07 /* External Frameworks and Libraries */,
				19C28FB6FE9D52B211CA2CBB /* Products */,
				94B00734132D6969001E4FB2 /* Foundation.framework */,
				94B00876132DAC1E001E4FB2 /* EPGCollector */,
			);
			name = EyeTVPluginSampleX;
			sourceTree = "<group>";
		};
		089C1671FE841209C02AAC07 /* External Frameworks and Libraries */ = {
			isa = PBXGroup;
			children = (
				945FF776132747E4008B1F58 /* Cocoa.framework */,
			);
			name = "External Frameworks and Libraries";
			sourceTree = "<group>";
		};
		089C167CFE841241C02AAC07 /* Resources */ = {
			isa = PBXGroup;
			children = (
				8D576317048677EA00EA77CD /* Info.plist */,
				8D5B49A704867FD3000E48DA /* InfoPlist.strings */,
			);
			name = Resources;
			sourceTree = "<group>";
		};
		08FB77AFFE84173DC02AAC07 /* Source */ = {
			isa = PBXGroup;
			children = (
				94B0072C132D6937001E4FB2 /* StreamTest */,
				94B00748132D699D001E4FB2 /* TTTransportStreamParser.h */,
				94B00747132D699D001E4FB2 /* TTTransportStreamParser.m */,
				4146BCD005F6554C00AB7993 /* EyeTVPluginDefs.h */,
				945FF739132746BE008B1F58 /* TTMPEGExporter.h */,
				945FF73A132746BE008B1F58 /* TTMPEGExporter.m */,
				4CF16BAE05D7ED3D00736E9B /* EyeTVEPGParser.m */,
				945FF73D132746E5008B1F58 /* SynthesizeSingleton.h */,
			);
			name = Source;
			sourceTree = "<group>";
		};
		19C28FB6FE9D52B211CA2CBB /* Products */ = {
			isa = PBXGroup;
			children = (
				8D576316048677EA00EA77CD /* EyeTVEPGParser.bundle */,
				94B00727132D6926001E4FB2 /* streamtest */,
			);
			name = Products;
			sourceTree = "<group>";
		};
		9424FDE5132EE2DF0062941E /* EPGCollector */ = {
			isa = PBXGroup;
			children = (
				9424FDE6132EE2DF0062941E /* Configuration */,
				9424FDF9132EE2DF0062941E /* DirectShow.dll */,
				9424FDFA132EE2DF0062941E /* DirectShowLib-2005.dll */,
				9424FDFB132EE2DF0062941E /* DomainObjects.dll */,
				9424FDFC132EE2DF0062941E /* DVBServices.dll */,
				9424FDFD132EE2DF0062941E /* EPGCollector.exe */,
				9424FDFE132EE2DF0062941E /* MHEG5 Test.ini */,
				9424FDFF132EE2DF0062941E /* zlib.net.dll */,
			);
			path = EPGCollector;
			sourceTree = "<group>";
		};
		9424FDE6132EE2DF0062941E /* Configuration */ = {
			isa = PBXGroup;
			children = (
				9424FDE7132EE2DF0062941E /* Countries.cfg */,
				9424FDE8132EE2DF0062941E /* Huffman Dictionary ATSC PSIP T1.cfg */,
				9424FDE9132EE2DF0062941E /* Huffman Dictionary ATSC PSIP T2.cfg */,
				9424FDEA132EE2DF0062941E /* Huffman Dictionary AUS.cfg */,
				9424FDEB132EE2DF0062941E /* Huffman Dictionary Freesat T1.cfg */,
				9424FDEC132EE2DF0062941E /* Huffman Dictionary Freesat T2.cfg */,
				9424FDED132EE2DF0062941E /* Huffman Dictionary GBR.cfg */,
				9424FDEE132EE2DF0062941E /* Huffman Dictionary ITA.cfg */,
				9424FDEF132EE2DF0062941E /* Huffman Dictionary NZL.cfg */,
				9424FDF0132EE2DF0062941E /* Language Codes.cfg */,
				9424FDF1132EE2DF0062941E /* MHEG5 Parser Format AUS.cfg */,
				9424FDF2132EE2DF0062941E /* MHEG5 Parser Format NZL.cfg */,
				9424FDF3132EE2DF0062941E /* Program Categories */,
			);
			path = Configuration;
			sourceTree = "<group>";
		};
		9424FDF3132EE2DF0062941E /* Program Categories */ = {
			isa = PBXGroup;
			children = (
				9424FDF4132EE2DF0062941E /* EIT Categories.cfg */,
				9424FDF5132EE2DF0062941E /* OpenTV Categories AUS.cfg */,
				9424FDF6132EE2DF0062941E /* OpenTV Categories GBR.cfg */,
				9424FDF7132EE2DF0062941E /* OpenTV Categories ITA.cfg */,
				9424FDF8132EE2DF0062941E /* OpenTV Categories NZL.cfg */,
			);
			path = "Program Categories";
			sourceTree = "<group>";
		};
		94B0072C132D6937001E4FB2 /* StreamTest */ = {
			isa = PBXGroup;
			children = (
				94B0072E132D6944001E4FB2 /* streamtest.m */,
			);
			name = StreamTest;
			sourceTree = "<group>";
		};
		94B00876132DAC1E001E4FB2 /* EPGCollector */ = {
			isa = PBXGroup;
			children = (
				9424FDCB132EE0980062941E /* DirectShowLib-2005.dll */,
				94B00877132DAC1E001E4FB2 /* Configuration */,
				94B00894132DAC1E001E4FB2 /* DirectShow.dll */,
				94B00896132DAC1E001E4FB2 /* DomainObjects.dll */,
				94B00897132DAC1E001E4FB2 /* DVBServices.dll */,
				94B00898132DAC1E001E4FB2 /* EPGCollector.exe */,
				94B0089D132DAC1E001E4FB2 /* zlib.net.dll */,
			);
			path = EPGCollector;
			sourceTree = "<group>";
		};
		94B00877132DAC1E001E4FB2 /* Configuration */ = {
			isa = PBXGroup;
			children = (
				94B00878132DAC1E001E4FB2 /* Countries.cfg */,
				94B00879132DAC1E001E4FB2 /* Huffman Dictionary ATSC PSIP T1.cfg */,
				94B0087A132DAC1E001E4FB2 /* Huffman Dictionary ATSC PSIP T2.cfg */,
				94B0087B132DAC1E001E4FB2 /* Huffman Dictionary AUS.cfg */,
				94B0087C132DAC1E001E4FB2 /* Huffman Dictionary Freesat T1.cfg */,
				94B0087D132DAC1E001E4FB2 /* Huffman Dictionary Freesat T2.cfg */,
				94B0087E132DAC1E001E4FB2 /* Huffman Dictionary GBR.cfg */,
				94B0087F132DAC1E001E4FB2 /* Huffman Dictionary ITA.cfg */,
				94B00880132DAC1E001E4FB2 /* Huffman Dictionary NZL.cfg */,
				94B00881132DAC1E001E4FB2 /* Language Codes.cfg */,
				94B00882132DAC1E001E4FB2 /* MHEG5 Parser Format AUS.cfg */,
				94B00883132DAC1E001E4FB2 /* MHEG5 Parser Format NZL.cfg */,
				94B00884132DAC1E001E4FB2 /* Program Categories */,
			);
			path = Configuration;
			sourceTree = "<group>";
		};
		94B00884132DAC1E001E4FB2 /* Program Categories */ = {
			isa = PBXGroup;
			children = (
				94B0088F132DAC1E001E4FB2 /* EIT Categories.cfg */,
				94B00890132DAC1E001E4FB2 /* OpenTV Categories AUS.cfg */,
				94B00891132DAC1E001E4FB2 /* OpenTV Categories GBR.cfg */,
				94B00892132DAC1E001E4FB2 /* OpenTV Categories ITA.cfg */,
				94B00893132DAC1E001E4FB2 /* OpenTV Categories NZL.cfg */,
			);
			path = "Program Categories";
			sourceTree = "<group>";
		};
/* End PBXGroup section */

/* Begin PBXHeadersBuildPhase section */
		8D57630E048677EA00EA77CD /* Headers */ = {
			isa = PBXHeadersBuildPhase;
			buildActionMask = 2147483647;
			files = (
				4146BCD105F6554C00AB7993 /* EyeTVPluginDefs.h in Headers */,
				945FF73B132746BE008B1F58 /* TTMPEGExporter.h in Headers */,
				945FF73E132746E5008B1F58 /* SynthesizeSingleton.h in Headers */,
			);
			runOnlyForDeploymentPostprocessing = 0;
		};
/* End PBXHeadersBuildPhase section */

/* Begin PBXNativeTarget section */
		8D57630D048677EA00EA77CD /* EyeTVEPGParser */ = {
			isa = PBXNativeTarget;
			buildConfigurationList = 940237E70E1CDAF700619E65 /* Build configuration list for PBXNativeTarget "EyeTVEPGParser" */;
			buildPhases = (
				8D57630E048677EA00EA77CD /* Headers */,
				8D57630F048677EA00EA77CD /* Resources */,
				9424FDE4132EE2CF0062941E /* CopyFiles */,
				9424FE42132EE3FF0062941E /* CopyFiles */,
				8D576311048677EA00EA77CD /* Sources */,
				8D576313048677EA00EA77CD /* Frameworks */,
				8D576315048677EA00EA77CD /* Rez */,
			);
			buildRules = (
			);
			dependencies = (
			);
			name = EyeTVEPGParser;
			productInstallPath = "$(HOME)/Library/Bundles";
			productName = EyeTVPluginSampleX;
			productReference = 8D576316048677EA00EA77CD /* EyeTVEPGParser.bundle */;
			productType = "com.apple.product-type.bundle";
		};
		94B00726132D6926001E4FB2 /* streamtest */ = {
			isa = PBXNativeTarget;
			buildConfigurationList = 94B0072D132D6937001E4FB2 /* Build configuration list for PBXNativeTarget "streamtest" */;
			buildPhases = (
				94B00724132D6926001E4FB2 /* Sources */,
				94B00725132D6926001E4FB2 /* Frameworks */,
			);
			buildRules = (
			);
			dependencies = (
			);
			name = streamtest;
			productName = streamtest;
			productReference = 94B00727132D6926001E4FB2 /* streamtest */;
			productType = "com.apple.product-type.tool";
		};
/* End PBXNativeTarget section */

/* Begin PBXProject section */
		089C1669FE841209C02AAC07 /* Project object */ = {
			isa = PBXProject;
			buildConfigurationList = 940237E60E1CDAF700619E65 /* Build configuration list for PBXProject "EyeTVEPGParser" */;
			compatibilityVersion = "Xcode 3.2";
			developmentRegion = English;
			hasScannedForEncodings = 1;
			knownRegions = (
				English,
				Japanese,
				French,
				German,
			);
			mainGroup = 089C166AFE841209C02AAC07 /* EyeTVPluginSampleX */;
			projectDirPath = "";
			projectRoot = "";
			targets = (
				8D57630D048677EA00EA77CD /* EyeTVEPGParser */,
				94B00726132D6926001E4FB2 /* streamtest */,
			);
		};
/* End PBXProject section */

/* Begin PBXResourcesBuildPhase section */
		8D57630F048677EA00EA77CD /* Resources */ = {
			isa = PBXResourcesBuildPhase;
			buildActionMask = 2147483647;
			files = (
				8D5B49A804867FD3000E48DA /* InfoPlist.strings in Resources */,
			);
			runOnlyForDeploymentPostprocessing = 0;
		};
/* End PBXResourcesBuildPhase section */

/* Begin PBXRezBuildPhase section */
		8D576315048677EA00EA77CD /* Rez */ = {
			isa = PBXRezBuildPhase;
			buildActionMask = 2147483647;
			files = (
			);
			runOnlyForDeploymentPostprocessing = 0;
		};
/* End PBXRezBuildPhase section */

/* Begin PBXSourcesBuildPhase section */
		8D576311048677EA00EA77CD /* Sources */ = {
			isa = PBXSourcesBuildPhase;
			buildActionMask = 2147483647;
			files = (
				4CF16BB005D7ED3E00736E9B /* EyeTVEPGParser.m in Sources */,
				945FF73C132746BE008B1F58 /* TTMPEGExporter.m in Sources */,
				94B0080E132D6FEE001E4FB2 /* TTTransportStreamParser.m in Sources */,
			);
			runOnlyForDeploymentPostprocessing = 0;
		};
		94B00724132D6926001E4FB2 /* Sources */ = {
			isa = PBXSourcesBuildPhase;
			buildActionMask = 2147483647;
			files = (
				94B0072F132D6944001E4FB2 /* streamtest.m in Sources */,
				94B00749132D699D001E4FB2 /* TTTransportStreamParser.m in Sources */,
			);
			runOnlyForDeploymentPostprocessing = 0;
		};
/* End PBXSourcesBuildPhase section */

/* Begin PBXVariantGroup section */
		8D5B49A704867FD3000E48DA /* InfoPlist.strings */ = {
			isa = PBXVariantGroup;
			children = (
				089C167EFE841241C02AAC07 /* English */,
			);
			name = InfoPlist.strings;
			sourceTree = "<group>";
		};
/* End PBXVariantGroup section */

/* Begin XCBuildConfiguration section */
		940237E00E1CDAF600619E65 /* Development */ = {
			isa = XCBuildConfiguration;
			buildSettings = {
				ARCHS = "$(ARCHS_STANDARD_32_BIT)";
				HEADER_SEARCH_PATHS = "";
				USER_HEADER_SEARCH_PATHS = "";
			};
			name = Development;
		};
		940237E10E1CDAF600619E65 /* Deployment */ = {
			isa = XCBuildConfiguration;
			buildSettings = {
				ARCHS = "$(ARCHS_STANDARD_32_BIT)";
			};
			name = Deployment;
		};
		940237E20E1CDAF600619E65 /* Default */ = {
			isa = XCBuildConfiguration;
			buildSettings = {
				ARCHS = "$(NATIVE_ARCH_ACTUAL)";
			};
			name = Default;
		};
		940237E30E1CDAF600619E65 /* Development */ = {
			isa = XCBuildConfiguration;
			buildSettings = {
				COPY_PHASE_STRIP = NO;
				DEBUGGING_SYMBOLS = YES;
				GCC_DYNAMIC_NO_PIC = NO;
				GCC_ENABLE_FIX_AND_CONTINUE = YES;
				GCC_GENERATE_DEBUGGING_SYMBOLS = YES;
				GCC_OPTIMIZATION_LEVEL = 0;
				GCC_PRECOMPILE_PREFIX_HEADER = YES;
				GCC_WARN_FOUR_CHARACTER_CONSTANTS = NO;
				GCC_WARN_UNKNOWN_PRAGMAS = NO;
				INFOPLIST_FILE = Info.plist;
				INSTALL_PATH = "/Library/Application Support/EyeTV/Plugins";
				LIBRARY_STYLE = Bundle;
				OTHER_CFLAGS = "";
				OTHER_LDFLAGS = "";
				OTHER_REZFLAGS = "";
				PRODUCT_NAME = EyeTVEPGParser;
				SECTORDER_FLAGS = "";
				WARNING_CFLAGS = (
					"-Wmost",
					"-Wno-four-char-constants",
					"-Wno-unknown-pragmas",
				);
				WRAPPER_EXTENSION = bundle;
				ZERO_LINK = YES;
			};
			name = Development;
		};
		940237E40E1CDAF600619E65 /* Deployment */ = {
			isa = XCBuildConfiguration;
			buildSettings = {
				COPY_PHASE_STRIP = YES;
				GCC_ENABLE_FIX_AND_CONTINUE = NO;
				GCC_GENERATE_DEBUGGING_SYMBOLS = NO;
				GCC_PRECOMPILE_PREFIX_HEADER = YES;
				GCC_WARN_FOUR_CHARACTER_CONSTANTS = NO;
				GCC_WARN_UNKNOWN_PRAGMAS = NO;
				INFOPLIST_FILE = Info.plist;
				INSTALL_PATH = "/Library/Application Support/EyeTV/Plugins";
				LIBRARY_STYLE = Bundle;
				OTHER_CFLAGS = "";
				OTHER_LDFLAGS = "";
				OTHER_REZFLAGS = "";
				PRODUCT_NAME = EyeTVEPGParser;
				SECTORDER_FLAGS = "";
				WARNING_CFLAGS = (
					"-Wmost",
					"-Wno-four-char-constants",
					"-Wno-unknown-pragmas",
				);
				WRAPPER_EXTENSION = bundle;
				ZERO_LINK = NO;
			};
			name = Deployment;
		};
		940237E50E1CDAF600619E65 /* Default */ = {
			isa = XCBuildConfiguration;
			buildSettings = {
				GCC_GENERATE_DEBUGGING_SYMBOLS = NO;
				GCC_PRECOMPILE_PREFIX_HEADER = YES;
				GCC_WARN_FOUR_CHARACTER_CONSTANTS = NO;
				GCC_WARN_UNKNOWN_PRAGMAS = NO;
				INFOPLIST_FILE = Info.plist;
				INSTALL_PATH = "/Library/Application Support/EyeTV/Plugins";
				LIBRARY_STYLE = Bundle;
				OTHER_CFLAGS = "";
				OTHER_LDFLAGS = "";
				OTHER_REZFLAGS = "";
				PRODUCT_NAME = EyeTVEPGParser;
				SECTORDER_FLAGS = "";
				WARNING_CFLAGS = (
					"-Wmost",
					"-Wno-four-char-constants",
					"-Wno-unknown-pragmas",
				);
				WRAPPER_EXTENSION = bundle;
			};
			name = Default;
		};
		94B00729132D6926001E4FB2 /* Development */ = {
			isa = XCBuildConfiguration;
			buildSettings = {
				ALWAYS_SEARCH_USER_PATHS = NO;
				COPY_PHASE_STRIP = NO;
				GCC_DYNAMIC_NO_PIC = NO;
				GCC_ENABLE_FIX_AND_CONTINUE = YES;
				GCC_MODEL_TUNING = G5;
				GCC_OPTIMIZATION_LEVEL = 0;
				INSTALL_PATH = /usr/local/bin;
				PREBINDING = NO;
				PRODUCT_NAME = streamtest;
			};
			name = Development;
		};
		94B0072A132D6926001E4FB2 /* Deployment */ = {
			isa = XCBuildConfiguration;
			buildSettings = {
				ALWAYS_SEARCH_USER_PATHS = NO;
				COPY_PHASE_STRIP = YES;
				INSTALL_PATH = /usr/local/bin;
				PREBINDING = NO;
				PRODUCT_NAME = streamtest;
			};
			name = Deployment;
		};
		94B0072B132D6926001E4FB2 /* Default */ = {
			isa = XCBuildConfiguration;
			buildSettings = {
				ALWAYS_SEARCH_USER_PATHS = NO;
				GCC_ENABLE_FIX_AND_CONTINUE = YES;
				GCC_MODEL_TUNING = G5;
				INSTALL_PATH = /usr/local/bin;
				PREBINDING = NO;
				PRODUCT_NAME = streamtest;
			};
			name = Default;
		};
/* End XCBuildConfiguration section */

/* Begin XCConfigurationList section */
		940237E60E1CDAF700619E65 /* Build configuration list for PBXProject "EyeTVEPGParser" */ = {
			isa = XCConfigurationList;
			buildConfigurations = (
				940237E00E1CDAF600619E65 /* Development */,
				940237E10E1CDAF600619E65 /* Deployment */,
				940237E20E1CDAF600619E65 /* Default */,
			);
			defaultConfigurationIsVisible = 0;
			defaultConfigurationName = Default;
		};
		940237E70E1CDAF700619E65 /* Build configuration list for PBXNativeTarget "EyeTVEPGParser" */ = {
			isa = XCConfigurationList;
			buildConfigurations = (
				940237E30E1CDAF600619E65 /* Development */,
				940237E40E1CDAF600619E65 /* Deployment */,
				940237E50E1CDAF600619E65 /* Default */,
			);
			defaultConfigurationIsVisible = 0;
			defaultConfigurationName = Default;
		};
		94B0072D132D6937001E4FB2 /* Build configuration list for PBXNativeTarget "streamtest" */ = {
			isa = XCConfigurationList;
			buildConfigurations = (
				94B00729132D6926001E4FB2 /* Development */,
				94B0072A132D6926001E4FB2 /* Deployment */,
				94B0072B132D6926001E4FB2 /* Default */,
			);
			defaultConfigurationIsVisible = 0;
			defaultConfigurationName = Default;
		};
/* End XCConfigurationList section */
	};
	rootObject = 089C1669FE841209C02AAC07 /* Project object */;
}
